
Microsoft Visual Studio Solution File, Format Version 12.00
# Visual Studio Version 17
VisualStudioVersion = 17.11.35222.181
MinimumVisualStudioVersion = 10.0.40219.1
Project("{FAE04EC0-301F-11D3-BF4B-00C04F79EFBC}") = "NumberGuessingGame", "NumberGuessingGame\NumberGuessingGame.csproj", "{AABEEE35-6C62-4B4C-95F0-A388AAC6BE88}"
EndProject
Global
	GlobalSection(SolutionConfigurationPlatforms) = preSolution
		Debug|Any CPU = Debug|Any CPU
		Release|Any CPU = Release|Any CPU
	EndGlobalSection
	GlobalSection(ProjectConfigurationPlatforms) = postSolution
		{AABEEE35-6C62-4B4C-95F0-A388AAC6BE88}.Debug|Any CPU.ActiveCfg = Debug|Any CPU
		{AABEEE35-6C62-4B4C-95F0-A388AAC6BE88}.Debug|Any CPU.Build.0 = Debug|Any CPU
		{AABEEE35-6C62-4B4C-95F0-A388AAC6BE88}.Release|Any CPU.ActiveCfg = Release|Any CPU
		{AABEEE35-6C62-4B4C-95F0-A388AAC6BE88}.Release|Any CPU.Build.0 = Release|Any CPU
	EndGlobalSection
	GlobalSection(SolutionProperties) = preSolution
		HideSolutionNode = FALSE
	EndGlobalSection
	GlobalSection(ExtensibilityGlobals) = postSolution
		SolutionGuid = {88A2D8FB-0EBF-4611-82E6-06882E7182B1}
	EndGlobalSection
EndGlobal
